
Microsoft Visual Studio Solution File, Format Version 12.00
# Visual Studio 2015
Project("{FAE04EC0-301F-11D3-BF4B-00C04F79EFBC}") = "Utopic Gal Project.Plugins", "Utopic Gal Project.Plugins.csproj", "{7BCE1679-6113-EBEF-1775-3EEA0F8F289F}"
EndProject
Project("{FAE04EC0-301F-11D3-BF4B-00C04F79EFBC}") = "Utopic Gal Project", "Utopic Gal Project.csproj", "{3AAE4222-B3F0-4946-7DE5-6D5B6737BE7C}"
EndProject
Project("{FAE04EC0-301F-11D3-BF4B-00C04F79EFBC}") = "Utopic Gal Project.Editor.Plugins", "Utopic Gal Project.Editor.Plugins.csproj", "{C1838A29-8112-F0A3-6D52-11CF86CC499C}"
EndProject
Global
	GlobalSection(SolutionConfigurationPlatforms) = preSolution
		Debug|Any CPU = Debug|Any CPU
		Release|Any CPU = Release|Any CPU
	EndGlobalSection
	GlobalSection(ProjectConfigurationPlatforms) = postSolution
		{7BCE1679-6113-EBEF-1775-3EEA0F8F289F}.Debug|Any CPU.ActiveCfg = Debug|Any CPU
		{7BCE1679-6113-EBEF-1775-3EEA0F8F289F}.Debug|Any CPU.Build.0 = Debug|Any CPU
		{7BCE1679-6113-EBEF-1775-3EEA0F8F289F}.Release|Any CPU.ActiveCfg = Release|Any CPU
		{7BCE1679-6113-EBEF-1775-3EEA0F8F289F}.Release|Any CPU.Build.0 = Release|Any CPU
		{3AAE4222-B3F0-4946-7DE5-6D5B6737BE7C}.Debug|Any CPU.ActiveCfg = Debug|Any CPU
		{3AAE4222-B3F0-4946-7DE5-6D5B6737BE7C}.Debug|Any CPU.Build.0 = Debug|Any CPU
		{3AAE4222-B3F0-4946-7DE5-6D5B6737BE7C}.Release|Any CPU.ActiveCfg = Release|Any CPU
		{3AAE4222-B3F0-4946-7DE5-6D5B6737BE7C}.Release|Any CPU.Build.0 = Release|Any CPU
		{C1838A29-8112-F0A3-6D52-11CF86CC499C}.Debug|Any CPU.ActiveCfg = Debug|Any CPU
		{C1838A29-8112-F0A3-6D52-11CF86CC499C}.Debug|Any CPU.Build.0 = Debug|Any CPU
		{C1838A29-8112-F0A3-6D52-11CF86CC499C}.Release|Any CPU.ActiveCfg = Release|Any CPU
		{C1838A29-8112-F0A3-6D52-11CF86CC499C}.Release|Any CPU.Build.0 = Release|Any CPU
	EndGlobalSection
	GlobalSection(SolutionProperties) = preSolution
		HideSolutionNode = FALSE
	EndGlobalSection
EndGlobal
